// !$*UTF8*$!
{
	archiveVersion = 1;
	classes = {
	};
	objectVersion = 56;
	objects = {

/* Begin PBXBuildFile section */
		CE1495132AC65FA900C53C79 /* RegisterViewController.swift in Sources */ = {isa = PBXBuildFile; fileRef = CE1495112AC65FA900C53C79 /* RegisterViewController.swift */; };
		CE1495142AC65FA900C53C79 /* RegisterViewController.xib in Resources */ = {isa = PBXBuildFile; fileRef = CE1495122AC65FA900C53C79 /* RegisterViewController.xib */; };
		CE1495172AC76D3900C53C79 /* PasswordResetViewController.swift in Sources */ = {isa = PBXBuildFile; fileRef = CE1495152AC76D3900C53C79 /* PasswordResetViewController.swift */; };
		CE1495182AC76D3900C53C79 /* PasswordResetViewController.xib in Resources */ = {isa = PBXBuildFile; fileRef = CE1495162AC76D3900C53C79 /* PasswordResetViewController.xib */; };
		CE14951D2AC77D7900C53C79 /* UIExtensions.swift in Sources */ = {isa = PBXBuildFile; fileRef = CE14951C2AC77D7900C53C79 /* UIExtensions.swift */; };
		CE1495222AC77DD300C53C79 /* LoginViewModel.swift in Sources */ = {isa = PBXBuildFile; fileRef = CE1495212AC77DD300C53C79 /* LoginViewModel.swift */; };
		CE1495242AC77DEA00C53C79 /* RegisterViewModel.swift in Sources */ = {isa = PBXBuildFile; fileRef = CE1495232AC77DEA00C53C79 /* RegisterViewModel.swift */; };
		CE1495262AC77E1D00C53C79 /* PasswordResetViewModel.swift in Sources */ = {isa = PBXBuildFile; fileRef = CE1495252AC77E1D00C53C79 /* PasswordResetViewModel.swift */; };
		CEA94DA72AB921FE00E43D31 /* AppDelegate.swift in Sources */ = {isa = PBXBuildFile; fileRef = CEA94DA62AB921FE00E43D31 /* AppDelegate.swift */; };
		CEA94DA92AB921FE00E43D31 /* SceneDelegate.swift in Sources */ = {isa = PBXBuildFile; fileRef = CEA94DA82AB921FE00E43D31 /* SceneDelegate.swift */; };
		CEA94DAE2AB921FE00E43D31 /* Main.storyboard in Resources */ = {isa = PBXBuildFile; fileRef = CEA94DAC2AB921FE00E43D31 /* Main.storyboard */; };
		CEA94DB02AB9220900E43D31 /* Assets.xcassets in Resources */ = {isa = PBXBuildFile; fileRef = CEA94DAF2AB9220900E43D31 /* Assets.xcassets */; };
		CEA94DB32AB9220900E43D31 /* LaunchScreen.storyboard in Resources */ = {isa = PBXBuildFile; fileRef = CEA94DB12AB9220900E43D31 /* LaunchScreen.storyboard */; };
		CEA94DBE2AB9220A00E43D31 /* TestLoginAppTests.swift in Sources */ = {isa = PBXBuildFile; fileRef = CEA94DBD2AB9220A00E43D31 /* TestLoginAppTests.swift */; };
		CEA94DC82AB9220A00E43D31 /* TestLoginAppUITests.swift in Sources */ = {isa = PBXBuildFile; fileRef = CEA94DC72AB9220A00E43D31 /* TestLoginAppUITests.swift */; };
		CEA94DCA2AB9220A00E43D31 /* TestLoginAppUITestsLaunchTests.swift in Sources */ = {isa = PBXBuildFile; fileRef = CEA94DC92AB9220A00E43D31 /* TestLoginAppUITestsLaunchTests.swift */; };
		CEA94DD72AB9228200E43D31 /* GoogleService-Info.plist in Resources */ = {isa = PBXBuildFile; fileRef = CEA94DD62AB9228200E43D31 /* GoogleService-Info.plist */; };
		CEA94DDA2AB9247B00E43D31 /* FirebaseAuth in Frameworks */ = {isa = PBXBuildFile; productRef = CEA94DD92AB9247B00E43D31 /* FirebaseAuth */; };
		CEA94DDC2AB9247B00E43D31 /* FirebaseFirestore in Frameworks */ = {isa = PBXBuildFile; productRef = CEA94DDB2AB9247B00E43D31 /* FirebaseFirestore */; };
		CEA94DDF2AB92A1800E43D31 /* LoginViewController.swift in Sources */ = {isa = PBXBuildFile; fileRef = CEA94DDD2AB92A1800E43D31 /* LoginViewController.swift */; };
		CEA94DE02AB92A1800E43D31 /* LoginViewController.xib in Resources */ = {isa = PBXBuildFile; fileRef = CEA94DDE2AB92A1800E43D31 /* LoginViewController.xib */; };
/* End PBXBuildFile section */

/* Begin PBXContainerItemProxy section */
		CEA94DBA2AB9220A00E43D31 /* PBXContainerItemProxy */ = {
			isa = PBXContainerItemProxy;
			containerPortal = CEA94D9B2AB921FE00E43D31 /* Project object */;
			proxyType = 1;
			remoteGlobalIDString = CEA94DA22AB921FE00E43D31;
			remoteInfo = TestLoginApp;
		};
		CEA94DC42AB9220A00E43D31 /* PBXContainerItemProxy */ = {
			isa = PBXContainerItemProxy;
			containerPortal = CEA94D9B2AB921FE00E43D31 /* Project object */;
			proxyType = 1;
			remoteGlobalIDString = CEA94DA22AB921FE00E43D31;
			remoteInfo = TestLoginApp;
		};
/* End PBXContainerItemProxy section */

/* Begin PBXFileReference section */
		CE1495112AC65FA900C53C79 /* RegisterViewController.swift */ = {isa = PBXFileReference; lastKnownFileType = sourcecode.swift; path = RegisterViewController.swift; sourceTree = "<group>"; };
		CE1495122AC65FA900C53C79 /* RegisterViewController.xib */ = {isa = PBXFileReference; lastKnownFileType = file.xib; path = RegisterViewController.xib; sourceTree = "<group>"; };
		CE1495152AC76D3900C53C79 /* PasswordResetViewController.swift */ = {isa = PBXFileReference; lastKnownFileType = sourcecode.swift; path = PasswordResetViewController.swift; sourceTree = "<group>"; };
		CE1495162AC76D3900C53C79 /* PasswordResetViewController.xib */ = {isa = PBXFileReference; lastKnownFileType = file.xib; path = PasswordResetViewController.xib; sourceTree = "<group>"; };
		CE14951C2AC77D7900C53C79 /* UIExtensions.swift */ = {isa = PBXFileReference; lastKnownFileType = sourcecode.swift; path = UIExtensions.swift; sourceTree = "<group>"; };
		CE1495212AC77DD300C53C79 /* LoginViewModel.swift */ = {isa = PBXFileReference; lastKnownFileType = sourcecode.swift; path = LoginViewModel.swift; sourceTree = "<group>"; };
		CE1495232AC77DEA00C53C79 /* RegisterViewModel.swift */ = {isa = PBXFileReference; lastKnownFileType = sourcecode.swift; path = RegisterViewModel.swift; sourceTree = "<group>"; };
		CE1495252AC77E1D00C53C79 /* PasswordResetViewModel.swift */ = {isa = PBXFileReference; lastKnownFileType = sourcecode.swift; path = PasswordResetViewModel.swift; sourceTree = "<group>"; };
		CEA94DA32AB921FE00E43D31 /* TestLoginApp.app */ = {isa = PBXFileReference; explicitFileType = wrapper.application; includeInIndex = 0; path = TestLoginApp.app; sourceTree = BUILT_PRODUCTS_DIR; };
		CEA94DA62AB921FE00E43D31 /* AppDelegate.swift */ = {isa = PBXFileReference; lastKnownFileType = sourcecode.swift; path = AppDelegate.swift; sourceTree = "<group>"; };
		CEA94DA82AB921FE00E43D31 /* SceneDelegate.swift */ = {isa = PBXFileReference; lastKnownFileType = sourcecode.swift; path = SceneDelegate.swift; sourceTree = "<group>"; };
		CEA94DAD2AB921FE00E43D31 /* Base */ = {isa = PBXFileReference; lastKnownFileType = file.storyboard; name = Base; path = Base.lproj/Main.storyboard; sourceTree = "<group>"; };
		CEA94DAF2AB9220900E43D31 /* Assets.xcassets */ = {isa = PBXFileReference; lastKnownFileType = folder.assetcatalog; path = Assets.xcassets; sourceTree = "<group>"; };
		CEA94DB22AB9220900E43D31 /* Base */ = {isa = PBXFileReference; lastKnownFileType = file.storyboard; name = Base; path = Base.lproj/LaunchScreen.storyboard; sourceTree = "<group>"; };
		CEA94DB42AB9220900E43D31 /* Info.plist */ = {isa = PBXFileReference; lastKnownFileType = text.plist.xml; path = Info.plist; sourceTree = "<group>"; };
		CEA94DB92AB9220A00E43D31 /* TestLoginAppTests.xctest */ = {isa = PBXFileReference; explicitFileType = wrapper.cfbundle; includeInIndex = 0; path = TestLoginAppTests.xctest; sourceTree = BUILT_PRODUCTS_DIR; };
		CEA94DBD2AB9220A00E43D31 /* TestLoginAppTests.swift */ = {isa = PBXFileReference; lastKnownFileType = sourcecode.swift; path = TestLoginAppTests.swift; sourceTree = "<group>"; };
		CEA94DC32AB9220A00E43D31 /* TestLoginAppUITests.xctest */ = {isa = PBXFileReference; explicitFileType = wrapper.cfbundle; includeInIndex = 0; path = TestLoginAppUITests.xctest; sourceTree = BUILT_PRODUCTS_DIR; };
		CEA94DC72AB9220A00E43D31 /* TestLoginAppUITests.swift */ = {isa = PBXFileReference; lastKnownFileType = sourcecode.swift; path = TestLoginAppUITests.swift; sourceTree = "<group>"; };
		CEA94DC92AB9220A00E43D31 /* TestLoginAppUITestsLaunchTests.swift */ = {isa = PBXFileReference; lastKnownFileType = sourcecode.swift; path = TestLoginAppUITestsLaunchTests.swift; sourceTree = "<group>"; };
		CEA94DD62AB9228200E43D31 /* GoogleService-Info.plist */ = {isa = PBXFileReference; fileEncoding = 4; lastKnownFileType = text.plist.xml; path = "GoogleService-Info.plist"; sourceTree = "<group>"; };
		CEA94DDD2AB92A1800E43D31 /* LoginViewController.swift */ = {isa = PBXFileReference; lastKnownFileType = sourcecode.swift; path = LoginViewController.swift; sourceTree = "<group>"; };
		CEA94DDE2AB92A1800E43D31 /* LoginViewController.xib */ = {isa = PBXFileReference; lastKnownFileType = file.xib; path = LoginViewController.xib; sourceTree = "<group>"; };
/* End PBXFileReference section */

/* Begin PBXFrameworksBuildPhase section */
		CEA94DA02AB921FE00E43D31 /* Frameworks */ = {
			isa = PBXFrameworksBuildPhase;
			buildActionMask = 2147483647;
			files = (
				CEA94DDA2AB9247B00E43D31 /* FirebaseAuth in Frameworks */,
				CEA94DDC2AB9247B00E43D31 /* FirebaseFirestore in Frameworks */,
			);
			runOnlyForDeploymentPostprocessing = 0;
		};
		CEA94DB62AB9220A00E43D31 /* Frameworks */ = {
			isa = PBXFrameworksBuildPhase;
			buildActionMask = 2147483647;
			files = (
			);
			runOnlyForDeploymentPostprocessing = 0;
		};
		CEA94DC02AB9220A00E43D31 /* Frameworks */ = {
			isa = PBXFrameworksBuildPhase;
			buildActionMask = 2147483647;
			files = (
			);
			runOnlyForDeploymentPostprocessing = 0;
		};
/* End PBXFrameworksBuildPhase section */

/* Begin PBXGroup section */
		CE1495192AC77D4500C53C79 /* Modules */ = {
			isa = PBXGroup;
			children = (
				CE14951F2AC77DAF00C53C79 /* Login */,
				CE1495202AC77DB600C53C79 /* Register */,
				CE14951E2AC77DA300C53C79 /* PasswordReset */,
			);
			path = Modules;
			sourceTree = "<group>";
		};
		CE14951A2AC77D4C00C53C79 /* Resources */ = {
			isa = PBXGroup;
			children = (
				CEA94DD62AB9228200E43D31 /* GoogleService-Info.plist */,
				CEA94DA62AB921FE00E43D31 /* AppDelegate.swift */,
				CEA94DA82AB921FE00E43D31 /* SceneDelegate.swift */,
				CEA94DAF2AB9220900E43D31 /* Assets.xcassets */,
				CEA94DB12AB9220900E43D31 /* LaunchScreen.storyboard */,
				CEA94DAC2AB921FE00E43D31 /* Main.storyboard */,
			);
			path = Resources;
			sourceTree = "<group>";
		};
		CE14951B2AC77D5400C53C79 /* Common */ = {
			isa = PBXGroup;
			children = (
				CE14951C2AC77D7900C53C79 /* UIExtensions.swift */,
			);
			path = Common;
			sourceTree = "<group>";
		};
		CE14951E2AC77DA300C53C79 /* PasswordReset */ = {
			isa = PBXGroup;
			children = (
				CE1495252AC77E1D00C53C79 /* PasswordResetViewModel.swift */,
				CE1495152AC76D3900C53C79 /* PasswordResetViewController.swift */,
				CE1495162AC76D3900C53C79 /* PasswordResetViewController.xib */,
			);
			path = PasswordReset;
			sourceTree = "<group>";
		};
		CE14951F2AC77DAF00C53C79 /* Login */ = {
			isa = PBXGroup;
			children = (
				CE1495212AC77DD300C53C79 /* LoginViewModel.swift */,
				CEA94DDD2AB92A1800E43D31 /* LoginViewController.swift */,
				CEA94DDE2AB92A1800E43D31 /* LoginViewController.xib */,
			);
			path = Login;
			sourceTree = "<group>";
		};
		CE1495202AC77DB600C53C79 /* Register */ = {
			isa = PBXGroup;
			children = (
				CE1495232AC77DEA00C53C79 /* RegisterViewModel.swift */,
				CE1495112AC65FA900C53C79 /* RegisterViewController.swift */,
				CE1495122AC65FA900C53C79 /* RegisterViewController.xib */,
			);
			path = Register;
			sourceTree = "<group>";
		};
		CEA94D9A2AB921FE00E43D31 = {
			isa = PBXGroup;
			children = (
				CEA94DA52AB921FE00E43D31 /* TestLoginApp */,
				CEA94DBC2AB9220A00E43D31 /* TestLoginAppTests */,
				CEA94DC62AB9220A00E43D31 /* TestLoginAppUITests */,
				CEA94DA42AB921FE00E43D31 /* Products */,
			);
			sourceTree = "<group>";
		};
		CEA94DA42AB921FE00E43D31 /* Products */ = {
			isa = PBXGroup;
			children = (
				CEA94DA32AB921FE00E43D31 /* TestLoginApp.app */,
				CEA94DB92AB9220A00E43D31 /* TestLoginAppTests.xctest */,
				CEA94DC32AB9220A00E43D31 /* TestLoginAppUITests.xctest */,
			);
			name = Products;
			sourceTree = "<group>";
		};
		CEA94DA52AB921FE00E43D31 /* TestLoginApp */ = {
			isa = PBXGroup;
			children = (
				CE14951B2AC77D5400C53C79 /* Common */,
				CE1495192AC77D4500C53C79 /* Modules */,
				CE14951A2AC77D4C00C53C79 /* Resources */,
				CEA94DB42AB9220900E43D31 /* Info.plist */,
			);
			path = TestLoginApp;
			sourceTree = "<group>";
		};
		CEA94DBC2AB9220A00E43D31 /* TestLoginAppTests */ = {
			isa = PBXGroup;
			children = (
				CEA94DBD2AB9220A00E43D31 /* TestLoginAppTests.swift */,
			);
			path = TestLoginAppTests;
			sourceTree = "<group>";
		};
		CEA94DC62AB9220A00E43D31 /* TestLoginAppUITests */ = {
			isa = PBXGroup;
			children = (
				CEA94DC72AB9220A00E43D31 /* TestLoginAppUITests.swift */,
				CEA94DC92AB9220A00E43D31 /* TestLoginAppUITestsLaunchTests.swift */,
			);
			path = TestLoginAppUITests;
			sourceTree = "<group>";
		};
/* End PBXGroup section */

/* Begin PBXNativeTarget section */
		CEA94DA22AB921FE00E43D31 /* TestLoginApp */ = {
			isa = PBXNativeTarget;
			buildConfigurationList = CEA94DCD2AB9220A00E43D31 /* Build configuration list for PBXNativeTarget "TestLoginApp" */;
			buildPhases = (
				CEA94D9F2AB921FE00E43D31 /* Sources */,
				CEA94DA02AB921FE00E43D31 /* Frameworks */,
				CEA94DA12AB921FE00E43D31 /* Resources */,
			);
			buildRules = (
			);
			dependencies = (
			);
			name = TestLoginApp;
			packageProductDependencies = (
				CEA94DD92AB9247B00E43D31 /* FirebaseAuth */,
				CEA94DDB2AB9247B00E43D31 /* FirebaseFirestore */,
			);
			productName = TestLoginApp;
			productReference = CEA94DA32AB921FE00E43D31 /* TestLoginApp.app */;
			productType = "com.apple.product-type.application";
		};
		CEA94DB82AB9220A00E43D31 /* TestLoginAppTests */ = {
			isa = PBXNativeTarget;
			buildConfigurationList = CEA94DD02AB9220A00E43D31 /* Build configuration list for PBXNativeTarget "TestLoginAppTests" */;
			buildPhases = (
				CEA94DB52AB9220A00E43D31 /* Sources */,
				CEA94DB62AB9220A00E43D31 /* Frameworks */,
				CEA94DB72AB9220A00E43D31 /* Resources */,
			);
			buildRules = (
			);
			dependencies = (
				CEA94DBB2AB9220A00E43D31 /* PBXTargetDependency */,
			);
			name = TestLoginAppTests;
			productName = TestLoginAppTests;
			productReference = CEA94DB92AB9220A00E43D31 /* TestLoginAppTests.xctest */;
			productType = "com.apple.product-type.bundle.unit-test";
		};
		CEA94DC22AB9220A00E43D31 /* TestLoginAppUITests */ = {
			isa = PBXNativeTarget;
			buildConfigurationList = CEA94DD32AB9220A00E43D31 /* Build configuration list for PBXNativeTarget "TestLoginAppUITests" */;
			buildPhases = (
				CEA94DBF2AB9220A00E43D31 /* Sources */,
				CEA94DC02AB9220A00E43D31 /* Frameworks */,
				CEA94DC12AB9220A00E43D31 /* Resources */,
			);
			buildRules = (
			);
			dependencies = (
				CEA94DC52AB9220A00E43D31 /* PBXTargetDependency */,
			);
			name = TestLoginAppUITests;
			productName = TestLoginAppUITests;
			productReference = CEA94DC32AB9220A00E43D31 /* TestLoginAppUITests.xctest */;
			productType = "com.apple.product-type.bundle.ui-testing";
		};
/* End PBXNativeTarget section */

/* Begin PBXProject section */
		CEA94D9B2AB921FE00E43D31 /* Project object */ = {
			isa = PBXProject;
			attributes = {
				BuildIndependentTargetsInParallel = 1;
				LastSwiftUpdateCheck = 1430;
				LastUpgradeCheck = 1430;
				TargetAttributes = {
					CEA94DA22AB921FE00E43D31 = {
						CreatedOnToolsVersion = 14.3.1;
					};
					CEA94DB82AB9220A00E43D31 = {
						CreatedOnToolsVersion = 14.3.1;
						TestTargetID = CEA94DA22AB921FE00E43D31;
					};
					CEA94DC22AB9220A00E43D31 = {
						CreatedOnToolsVersion = 14.3.1;
						TestTargetID = CEA94DA22AB921FE00E43D31;
					};
				};
			};
			buildConfigurationList = CEA94D9E2AB921FE00E43D31 /* Build configuration list for PBXProject "TestLoginApp" */;
			compatibilityVersion = "Xcode 14.0";
			developmentRegion = en;
			hasScannedForEncodings = 0;
			knownRegions = (
				en,
				Base,
			);
			mainGroup = CEA94D9A2AB921FE00E43D31;
			packageReferences = (
				CEA94DD82AB9247B00E43D31 /* XCRemoteSwiftPackageReference "firebase-ios-sdk" */,
			);
			productRefGroup = CEA94DA42AB921FE00E43D31 /* Products */;
			projectDirPath = "";
			projectRoot = "";
			targets = (
				CEA94DA22AB921FE00E43D31 /* TestLoginApp */,
				CEA94DB82AB9220A00E43D31 /* TestLoginAppTests */,
				CEA94DC22AB9220A00E43D31 /* TestLoginAppUITests */,
			);
		};
/* End PBXProject section */

/* Begin PBXResourcesBuildPhase section */
		CEA94DA12AB921FE00E43D31 /* Resources */ = {
			isa = PBXResourcesBuildPhase;
			buildActionMask = 2147483647;
			files = (
				CEA94DE02AB92A1800E43D31 /* LoginViewController.xib in Resources */,
				CE1495182AC76D3900C53C79 /* PasswordResetViewController.xib in Resources */,
				CEA94DB32AB9220900E43D31 /* LaunchScreen.storyboard in Resources */,
				CEA94DD72AB9228200E43D31 /* GoogleService-Info.plist in Resources */,
				CEA94DB02AB9220900E43D31 /* Assets.xcassets in Resources */,
				CEA94DAE2AB921FE00E43D31 /* Main.storyboard in Resources */,
				CE1495142AC65FA900C53C79 /* RegisterViewController.xib in Resources */,
			);
			runOnlyForDeploymentPostprocessing = 0;
		};
		CEA94DB72AB9220A00E43D31 /* Resources */ = {
			isa = PBXResourcesBuildPhase;
			buildActionMask = 2147483647;
			files = (
			);
			runOnlyForDeploymentPostprocessing = 0;
		};
		CEA94DC12AB9220A00E43D31 /* Resources */ = {
			isa = PBXResourcesBuildPhase;
			buildActionMask = 2147483647;
			files = (
			);
			runOnlyForDeploymentPostprocessing = 0;
		};
/* End PBXResourcesBuildPhase section */

/* Begin PBXSourcesBuildPhase section */
		CEA94D9F2AB921FE00E43D31 /* Sources */ = {
			isa = PBXSourcesBuildPhase;
			buildActionMask = 2147483647;
			files = (
				CEA94DDF2AB92A1800E43D31 /* LoginViewController.swift in Sources */,
				CE1495172AC76D3900C53C79 /* PasswordResetViewController.swift in Sources */,
				CEA94DA72AB921FE00E43D31 /* AppDelegate.swift in Sources */,
				CE1495242AC77DEA00C53C79 /* RegisterViewModel.swift in Sources */,
				CE14951D2AC77D7900C53C79 /* UIExtensions.swift in Sources */,
				CE1495262AC77E1D00C53C79 /* PasswordResetViewModel.swift in Sources */,
				CEA94DA92AB921FE00E43D31 /* SceneDelegate.swift in Sources */,
				CE1495132AC65FA900C53C79 /* RegisterViewController.swift in Sources */,
				CE1495222AC77DD300C53C79 /* LoginViewModel.swift in Sources */,
			);
			runOnlyForDeploymentPostprocessing = 0;
		};
		CEA94DB52AB9220A00E43D31 /* Sources */ = {
			isa = PBXSourcesBuildPhase;
			buildActionMask = 2147483647;
			files = (
				CEA94DBE2AB9220A00E43D31 /* TestLoginAppTests.swift in Sources */,
			);
			runOnlyForDeploymentPostprocessing = 0;
		};
		CEA94DBF2AB9220A00E43D31 /* Sources */ = {
			isa = PBXSourcesBuildPhase;
			buildActionMask = 2147483647;
			files = (
				CEA94DCA2AB9220A00E43D31 /* TestLoginAppUITestsLaunchTests.swift in Sources */,
				CEA94DC82AB9220A00E43D31 /* TestLoginAppUITests.swift in Sources */,
			);
			runOnlyForDeploymentPostprocessing = 0;
		};
/* End PBXSourcesBuildPhase section */

/* Begin PBXTargetDependency section */
		CEA94DBB2AB9220A00E43D31 /* PBXTargetDependency */ = {
			isa = PBXTargetDependency;
			target = CEA94DA22AB921FE00E43D31 /* TestLoginApp */;
			targetProxy = CEA94DBA2AB9220A00E43D31 /* PBXContainerItemProxy */;
		};
		CEA94DC52AB9220A00E43D31 /* PBXTargetDependency */ = {
			isa = PBXTargetDependency;
			target = CEA94DA22AB921FE00E43D31 /* TestLoginApp */;
			targetProxy = CEA94DC42AB9220A00E43D31 /* PBXContainerItemProxy */;
		};
/* End PBXTargetDependency section */

/* Begin PBXVariantGroup section */
		CEA94DAC2AB921FE00E43D31 /* Main.storyboard */ = {
			isa = PBXVariantGroup;
			children = (
				CEA94DAD2AB921FE00E43D31 /* Base */,
			);
			name = Main.storyboard;
			sourceTree = "<group>";
		};
		CEA94DB12AB9220900E43D31 /* LaunchScreen.storyboard */ = {
			isa = PBXVariantGroup;
			children = (
				CEA94DB22AB9220900E43D31 /* Base */,
			);
			name = LaunchScreen.storyboard;
			sourceTree = "<group>";
		};
/* End PBXVariantGroup section */

/* Begin XCBuildConfiguration section */
		CEA94DCB2AB9220A00E43D31 /* Debug */ = {
			isa = XCBuildConfiguration;
			buildSettings = {
				ALWAYS_SEARCH_USER_PATHS = NO;
				CLANG_ANALYZER_NONNULL = YES;
				CLANG_ANALYZER_NUMBER_OBJECT_CONVERSION = YES_AGGRESSIVE;
				CLANG_CXX_LANGUAGE_STANDARD = "gnu++20";
				CLANG_ENABLE_MODULES = YES;
				CLANG_ENABLE_OBJC_ARC = YES;
				CLANG_ENABLE_OBJC_WEAK = YES;
				CLANG_WARN_BLOCK_CAPTURE_AUTORELEASING = YES;
				CLANG_WARN_BOOL_CONVERSION = YES;
				CLANG_WARN_COMMA = YES;
				CLANG_WARN_CONSTANT_CONVERSION = YES;
				CLANG_WARN_DEPRECATED_OBJC_IMPLEMENTATIONS = YES;
				CLANG_WARN_DIRECT_OBJC_ISA_USAGE = YES_ERROR;
				CLANG_WARN_DOCUMENTATION_COMMENTS = YES;
				CLANG_WARN_EMPTY_BODY = YES;
				CLANG_WARN_ENUM_CONVERSION = YES;
				CLANG_WARN_INFINITE_RECURSION = YES;
				CLANG_WARN_INT_CONVERSION = YES;
				CLANG_WARN_NON_LITERAL_NULL_CONVERSION = YES;
				CLANG_WARN_OBJC_IMPLICIT_RETAIN_SELF = YES;
				CLANG_WARN_OBJC_LITERAL_CONVERSION = YES;
				CLANG_WARN_OBJC_ROOT_CLASS = YES_ERROR;
				CLANG_WARN_QUOTED_INCLUDE_IN_FRAMEWORK_HEADER = YES;
				CLANG_WARN_RANGE_LOOP_ANALYSIS = YES;
				CLANG_WARN_STRICT_PROTOTYPES = YES;
				CLANG_WARN_SUSPICIOUS_MOVE = YES;
				CLANG_WARN_UNGUARDED_AVAILABILITY = YES_AGGRESSIVE;
				CLANG_WARN_UNREACHABLE_CODE = YES;
				CLANG_WARN__DUPLICATE_METHOD_MATCH = YES;
				COPY_PHASE_STRIP = NO;
				DEBUG_INFORMATION_FORMAT = dwarf;
				ENABLE_STRICT_OBJC_MSGSEND = YES;
				ENABLE_TESTABILITY = YES;
				GCC_C_LANGUAGE_STANDARD = gnu11;
				GCC_DYNAMIC_NO_PIC = NO;
				GCC_NO_COMMON_BLOCKS = YES;
				GCC_OPTIMIZATION_LEVEL = 0;
				GCC_PREPROCESSOR_DEFINITIONS = (
					"DEBUG=1",
					"$(inherited)",
				);
				GCC_WARN_64_TO_32_BIT_CONVERSION = YES;
				GCC_WARN_ABOUT_RETURN_TYPE = YES_ERROR;
				GCC_WARN_UNDECLARED_SELECTOR = YES;
				GCC_WARN_UNINITIALIZED_AUTOS = YES_AGGRESSIVE;
				GCC_WARN_UNUSED_FUNCTION = YES;
				GCC_WARN_UNUSED_VARIABLE = YES;
				IPHONEOS_DEPLOYMENT_TARGET = 16.4;
				MTL_ENABLE_DEBUG_INFO = INCLUDE_SOURCE;
				MTL_FAST_MATH = YES;
				ONLY_ACTIVE_ARCH = YES;
				SDKROOT = iphoneos;
				SWIFT_ACTIVE_COMPILATION_CONDITIONS = DEBUG;
				SWIFT_OPTIMIZATION_LEVEL = "-Onone";
			};
			name = Debug;
		};
		CEA94DCC2AB9220A00E43D31 /* Release */ = {
			isa = XCBuildConfiguration;
			buildSettings = {
				ALWAYS_SEARCH_USER_PATHS = NO;
				CLANG_ANALYZER_NONNULL = YES;
				CLANG_ANALYZER_NUMBER_OBJECT_CONVERSION = YES_AGGRESSIVE;
				CLANG_CXX_LANGUAGE_STANDARD = "gnu++20";
				CLANG_ENABLE_MODULES = YES;
				CLANG_ENABLE_OBJC_ARC = YES;
				CLANG_ENABLE_OBJC_WEAK = YES;
				CLANG_WARN_BLOCK_CAPTURE_AUTORELEASING = YES;
				CLANG_WARN_BOOL_CONVERSION = YES;
				CLANG_WARN_COMMA = YES;
				CLANG_WARN_CONSTANT_CONVERSION = YES;
				CLANG_WARN_DEPRECATED_OBJC_IMPLEMENTATIONS = YES;
				CLANG_WARN_DIRECT_OBJC_ISA_USAGE = YES_ERROR;
				CLANG_WARN_DOCUMENTATION_COMMENTS = YES;
				CLANG_WARN_EMPTY_BODY = YES;
				CLANG_WARN_ENUM_CONVERSION = YES;
				CLANG_WARN_INFINITE_RECURSION = YES;
				CLANG_WARN_INT_CONVERSION = YES;
				CLANG_WARN_NON_LITERAL_NULL_CONVERSION = YES;
				CLANG_WARN_OBJC_IMPLICIT_RETAIN_SELF = YES;
				CLANG_WARN_OBJC_LITERAL_CONVERSION = YES;
				CLANG_WARN_OBJC_ROOT_CLASS = YES_ERROR;
				CLANG_WARN_QUOTED_INCLUDE_IN_FRAMEWORK_HEADER = YES;
				CLANG_WARN_RANGE_LOOP_ANALYSIS = YES;
				CLANG_WARN_STRICT_PROTOTYPES = YES;
				CLANG_WARN_SUSPICIOUS_MOVE = YES;
				CLANG_WARN_UNGUARDED_AVAILABILITY = YES_AGGRESSIVE;
				CLANG_WARN_UNREACHABLE_CODE = YES;
				CLANG_WARN__DUPLICATE_METHOD_MATCH = YES;
				COPY_PHASE_STRIP = NO;
				DEBUG_INFORMATION_FORMAT = "dwarf-with-dsym";
				ENABLE_NS_ASSERTIONS = NO;
				ENABLE_STRICT_OBJC_MSGSEND = YES;
				GCC_C_LANGUAGE_STANDARD = gnu11;
				GCC_NO_COMMON_BLOCKS = YES;
				GCC_WARN_64_TO_32_BIT_CONVERSION = YES;
				GCC_WARN_ABOUT_RETURN_TYPE = YES_ERROR;
				GCC_WARN_UNDECLARED_SELECTOR = YES;
				GCC_WARN_UNINITIALIZED_AUTOS = YES_AGGRESSIVE;
				GCC_WARN_UNUSED_FUNCTION = YES;
				GCC_WARN_UNUSED_VARIABLE = YES;
				IPHONEOS_DEPLOYMENT_TARGET = 16.4;
				MTL_ENABLE_DEBUG_INFO = NO;
				MTL_FAST_MATH = YES;
				SDKROOT = iphoneos;
				SWIFT_COMPILATION_MODE = wholemodule;
				SWIFT_OPTIMIZATION_LEVEL = "-O";
				VALIDATE_PRODUCT = YES;
			};
			name = Release;
		};
		CEA94DCE2AB9220A00E43D31 /* Debug */ = {
			isa = XCBuildConfiguration;
			buildSettings = {
				ASSETCATALOG_COMPILER_APPICON_NAME = AppIcon;
				ASSETCATALOG_COMPILER_GLOBAL_ACCENT_COLOR_NAME = AccentColor;
				CODE_SIGN_STYLE = Automatic;
				CURRENT_PROJECT_VERSION = 1;
				DEVELOPMENT_TEAM = 59C6H8HQ42;
				GENERATE_INFOPLIST_FILE = YES;
				INFOPLIST_FILE = TestLoginApp/Info.plist;
				INFOPLIST_KEY_UIApplicationSupportsIndirectInputEvents = YES;
				INFOPLIST_KEY_UILaunchStoryboardName = LaunchScreen;
				INFOPLIST_KEY_UIMainStoryboardFile = Main;
				INFOPLIST_KEY_UISupportedInterfaceOrientations_iPad = "UIInterfaceOrientationPortrait UIInterfaceOrientationPortraitUpsideDown UIInterfaceOrientationLandscapeLeft UIInterfaceOrientationLandscapeRight";
				INFOPLIST_KEY_UISupportedInterfaceOrientations_iPhone = "UIInterfaceOrientationPortrait UIInterfaceOrientationLandscapeLeft UIInterfaceOrientationLandscapeRight";
				IPHONEOS_DEPLOYMENT_TARGET = 15.4;
				LD_RUNPATH_SEARCH_PATHS = (
					"$(inherited)",
					"@executable_path/Frameworks",
				);
				MARKETING_VERSION = 1.0;
				PRODUCT_BUNDLE_IDENTIFIER = com.yaroslavDev.TestLoginApp;
				PRODUCT_NAME = "$(TARGET_NAME)";
				SWIFT_EMIT_LOC_STRINGS = YES;
				SWIFT_VERSION = 5.0;
				TARGETED_DEVICE_FAMILY = "1,2";
			};
			name = Debug;
		};
		CEA94DCF2AB9220A00E43D31 /* Release */ = {
			isa = XCBuildConfiguration;
			buildSettings = {
				ASSETCATALOG_COMPILER_APPICON_NAME = AppIcon;
				ASSETCATALOG_COMPILER_GLOBAL_ACCENT_COLOR_NAME = AccentColor;
				CODE_SIGN_STYLE = Automatic;
				CURRENT_PROJECT_VERSION = 1;
				DEVELOPMENT_TEAM = 59C6H8HQ42;
				GENERATE_INFOPLIST_FILE = YES;
				INFOPLIST_FILE = TestLoginApp/Info.plist;
				INFOPLIST_KEY_UIApplicationSupportsIndirectInputEvents = YES;
				INFOPLIST_KEY_UILaunchStoryboardName = LaunchScreen;
				INFOPLIST_KEY_UIMainStoryboardFile = Main;
				INFOPLIST_KEY_UISupportedInterfaceOrientations_iPad = "UIInterfaceOrientationPortrait UIInterfaceOrientationPortraitUpsideDown UIInterfaceOrientationLandscapeLeft UIInterfaceOrientationLandscapeRight";
				INFOPLIST_KEY_UISupportedInterfaceOrientations_iPhone = "UIInterfaceOrientationPortrait UIInterfaceOrientationLandscapeLeft UIInterfaceOrientationLandscapeRight";
				IPHONEOS_DEPLOYMENT_TARGET = 15.4;
				LD_RUNPATH_SEARCH_PATHS = (
					"$(inherited)",
					"@executable_path/Frameworks",
				);
				MARKETING_VERSION = 1.0;
				PRODUCT_BUNDLE_IDENTIFIER = com.yaroslavDev.TestLoginApp;
				PRODUCT_NAME = "$(TARGET_NAME)";
				SWIFT_EMIT_LOC_STRINGS = YES;
				SWIFT_VERSION = 5.0;
				TARGETED_DEVICE_FAMILY = "1,2";
			};
			name = Release;
		};
		CEA94DD12AB9220A00E43D31 /* Debug */ = {
			isa = XCBuildConfiguration;
			buildSettings = {
				ALWAYS_EMBED_SWIFT_STANDARD_LIBRARIES = YES;
				BUNDLE_LOADER = "$(TEST_HOST)";
				CODE_SIGN_STYLE = Automatic;
				CURRENT_PROJECT_VERSION = 1;
				DEVELOPMENT_TEAM = 59C6H8HQ42;
				GENERATE_INFOPLIST_FILE = YES;
				IPHONEOS_DEPLOYMENT_TARGET = 16.4;
				MARKETING_VERSION = 1.0;
				PRODUCT_BUNDLE_IDENTIFIER = com.yaroslavDev.TestLoginAppTests;
				PRODUCT_NAME = "$(TARGET_NAME)";
				SWIFT_EMIT_LOC_STRINGS = NO;
				SWIFT_VERSION = 5.0;
				TARGETED_DEVICE_FAMILY = "1,2";
				TEST_HOST = "$(BUILT_PRODUCTS_DIR)/TestLoginApp.app/$(BUNDLE_EXECUTABLE_FOLDER_PATH)/TestLoginApp";
			};
			name = Debug;
		};
		CEA94DD22AB9220A00E43D31 /* Release */ = {
			isa = XCBuildConfiguration;
			buildSettings = {
				ALWAYS_EMBED_SWIFT_STANDARD_LIBRARIES = YES;
				BUNDLE_LOADER = "$(TEST_HOST)";
				CODE_SIGN_STYLE = Automatic;
				CURRENT_PROJECT_VERSION = 1;
				DEVELOPMENT_TEAM = 59C6H8HQ42;
				GENERATE_INFOPLIST_FILE = YES;
				IPHONEOS_DEPLOYMENT_TARGET = 16.4;
				MARKETING_VERSION = 1.0;
				PRODUCT_BUNDLE_IDENTIFIER = com.yaroslavDev.TestLoginAppTests;
				PRODUCT_NAME = "$(TARGET_NAME)";
				SWIFT_EMIT_LOC_STRINGS = NO;
				SWIFT_VERSION = 5.0;
				TARGETED_DEVICE_FAMILY = "1,2";
				TEST_HOST = "$(BUILT_PRODUCTS_DIR)/TestLoginApp.app/$(BUNDLE_EXECUTABLE_FOLDER_PATH)/TestLoginApp";
			};
			name = Release;
		};
		CEA94DD42AB9220A00E43D31 /* Debug */ = {
			isa = XCBuildConfiguration;
			buildSettings = {
				ALWAYS_EMBED_SWIFT_STANDARD_LIBRARIES = YES;
				CODE_SIGN_STYLE = Automatic;
				CURRENT_PROJECT_VERSION = 1;
				DEVELOPMENT_TEAM = 59C6H8HQ42;
				GENERATE_INFOPLIST_FILE = YES;
				MARKETING_VERSION = 1.0;
				PRODUCT_BUNDLE_IDENTIFIER = com.yaroslavDev.TestLoginAppUITests;
				PRODUCT_NAME = "$(TARGET_NAME)";
				SWIFT_EMIT_LOC_STRINGS = NO;
				SWIFT_VERSION = 5.0;
				TARGETED_DEVICE_FAMILY = "1,2";
				TEST_TARGET_NAME = TestLoginApp;
			};
			name = Debug;
		};
		CEA94DD52AB9220A00E43D31 /* Release */ = {
			isa = XCBuildConfiguration;
			buildSettings = {
				ALWAYS_EMBED_SWIFT_STANDARD_LIBRARIES = YES;
				CODE_SIGN_STYLE = Automatic;
				CURRENT_PROJECT_VERSION = 1;
				DEVELOPMENT_TEAM = 59C6H8HQ42;
				GENERATE_INFOPLIST_FILE = YES;
				MARKETING_VERSION = 1.0;
				PRODUCT_BUNDLE_IDENTIFIER = com.yaroslavDev.TestLoginAppUITests;
				PRODUCT_NAME = "$(TARGET_NAME)";
				SWIFT_EMIT_LOC_STRINGS = NO;
				SWIFT_VERSION = 5.0;
				TARGETED_DEVICE_FAMILY = "1,2";
				TEST_TARGET_NAME = TestLoginApp;
			};
			name = Release;
		};
/* End XCBuildConfiguration section */

/* Begin XCConfigurationList section */
		CEA94D9E2AB921FE00E43D31 /* Build configuration list for PBXProject "TestLoginApp" */ = {
			isa = XCConfigurationList;
			buildConfigurations = (
				CEA94DCB2AB9220A00E43D31 /* Debug */,
				CEA94DCC2AB9220A00E43D31 /* Release */,
			);
			defaultConfigurationIsVisible = 0;
			defaultConfigurationName = Release;
		};
		CEA94DCD2AB9220A00E43D31 /* Build configuration list for PBXNativeTarget "TestLoginApp" */ = {
			isa = XCConfigurationList;
			buildConfigurations = (
				CEA94DCE2AB9220A00E43D31 /* Debug */,
				CEA94DCF2AB9220A00E43D31 /* Release */,
			);
			defaultConfigurationIsVisible = 0;
			defaultConfigurationName = Release;
		};
		CEA94DD02AB9220A00E43D31 /* Build configuration list for PBXNativeTarget "TestLoginAppTests" */ = {
			isa = XCConfigurationList;
			buildConfigurations = (
				CEA94DD12AB9220A00E43D31 /* Debug */,
				CEA94DD22AB9220A00E43D31 /* Release */,
			);
			defaultConfigurationIsVisible = 0;
			defaultConfigurationName = Release;
		};
		CEA94DD32AB9220A00E43D31 /* Build configuration list for PBXNativeTarget "TestLoginAppUITests" */ = {
			isa = XCConfigurationList;
			buildConfigurations = (
				CEA94DD42AB9220A00E43D31 /* Debug */,
				CEA94DD52AB9220A00E43D31 /* Release */,
			);
			defaultConfigurationIsVisible = 0;
			defaultConfigurationName = Release;
		};
/* End XCConfigurationList section */

/* Begin XCRemoteSwiftPackageReference section */
		CEA94DD82AB9247B00E43D31 /* XCRemoteSwiftPackageReference "firebase-ios-sdk" */ = {
			isa = XCRemoteSwiftPackageReference;
			repositoryURL = "https://github.com/firebase/firebase-ios-sdk";
			requirement = {
				kind = upToNextMajorVersion;
				minimumVersion = 10.0.0;
			};
		};
/* End XCRemoteSwiftPackageReference section */

/* Begin XCSwiftPackageProductDependency section */
		CEA94DD92AB9247B00E43D31 /* FirebaseAuth */ = {
			isa = XCSwiftPackageProductDependency;
			package = CEA94DD82AB9247B00E43D31 /* XCRemoteSwiftPackageReference "firebase-ios-sdk" */;
			productName = FirebaseAuth;
		};
		CEA94DDB2AB9247B00E43D31 /* FirebaseFirestore */ = {
			isa = XCSwiftPackageProductDependency;
			package = CEA94DD82AB9247B00E43D31 /* XCRemoteSwiftPackageReference "firebase-ios-sdk" */;
			productName = FirebaseFirestore;
		};
/* End XCSwiftPackageProductDependency section */
	};
	rootObject = CEA94D9B2AB921FE00E43D31 /* Project object */;
}
